
Microsoft Visual Studio Solution File, Format Version 12.00
# Visual Studio Version 16
VisualStudioVersion = 16.0.35325.158
MinimumVisualStudioVersion = 10.0.40219.1
Project("{FAE04EC0-301F-11D3-BF4B-00C04F79EFBC}") = "23dh114691_MyStore", "23dh114691_MyStore\23dh114691_MyStore.csproj", "{1E4F3A0A-5E40-422E-B467-0C201795A7FB}"
EndProject
Global
	GlobalSection(SolutionConfigurationPlatforms) = preSolution
		Debug|Any CPU = Debug|Any CPU
		Release|Any CPU = Release|Any CPU
	EndGlobalSection
	GlobalSection(ProjectConfigurationPlatforms) = postSolution
		{1E4F3A0A-5E40-422E-B467-0C201795A7FB}.Debug|Any CPU.ActiveCfg = Debug|Any CPU
		{1E4F3A0A-5E40-422E-B467-0C201795A7FB}.Debug|Any CPU.Build.0 = Debug|Any CPU
		{1E4F3A0A-5E40-422E-B467-0C201795A7FB}.Release|Any CPU.ActiveCfg = Release|Any CPU
		{1E4F3A0A-5E40-422E-B467-0C201795A7FB}.Release|Any CPU.Build.0 = Release|Any CPU
	EndGlobalSection
	GlobalSection(SolutionProperties) = preSolution
		HideSolutionNode = FALSE
	EndGlobalSection
	GlobalSection(ExtensibilityGlobals) = postSolution
		SolutionGuid = {45D1684B-D5B6-4074-A6FD-866B3C2745AC}
	EndGlobalSection
EndGlobal
